// !$*UTF8*$!
{
	archiveVersion = 1;
	classes = {
	};
	objectVersion = 52;
	objects = {

/* Begin PBXBuildFile section */
		14AF89112614647F00B4FC96 /* AppPortfolioKit in Frameworks */ = {isa = PBXBuildFile; productRef = 14AF89102614647F00B4FC96 /* AppPortfolioKit */; };
		14AF89132614648400B4FC96 /* AppPortfolioKit in Frameworks */ = {isa = PBXBuildFile; productRef = 14AF89122614648400B4FC96 /* AppPortfolioKit */; };
		F942780125ADF8CF0077472A /* Kingfisher in Frameworks */ = {isa = PBXBuildFile; productRef = F942780025ADF8CF0077472A /* Kingfisher */; };
		F942780525ADF8D70077472A /* Kingfisher in Frameworks */ = {isa = PBXBuildFile; productRef = F942780425ADF8D70077472A /* Kingfisher */; };
		F942780C25ADF9060077472A /* SlidingTabView in Frameworks */ = {isa = PBXBuildFile; productRef = F942780B25ADF9060077472A /* SlidingTabView */; };
		F942782625ADFF810077472A /* SidebarViewModel.swift in Sources */ = {isa = PBXBuildFile; fileRef = F942782525ADFF810077472A /* SidebarViewModel.swift */; };
		F950463825A4F484003A6C08 /* SidebarView.swift in Sources */ = {isa = PBXBuildFile; fileRef = F950463725A4F484003A6C08 /* SidebarView.swift */; };
		F9BD2D8D25B0A479006B33B7 /* IconPrefixViewModifier.swift in Sources */ = {isa = PBXBuildFile; fileRef = F9BD2D8C25B0A479006B33B7 /* IconPrefixViewModifier.swift */; };
		F9BD2D9125B0A89E006B33B7 /* StatefulView.swift in Sources */ = {isa = PBXBuildFile; fileRef = F9BD2D9025B0A89E006B33B7 /* StatefulView.swift */; };
		F9D6206925B0C0C800DD9A76 /* StatefulView.swift in Sources */ = {isa = PBXBuildFile; fileRef = F9BD2D9025B0A89E006B33B7 /* StatefulView.swift */; };
		F9D6206F25B0C1D300DD9A76 /* ContentView.swift in Sources */ = {isa = PBXBuildFile; fileRef = F9D6206E25B0C1CF00DD9A76 /* ContentView.swift */; };
		F9D6207225B0C1F000DD9A76 /* SidebarView.swift in Sources */ = {isa = PBXBuildFile; fileRef = F950463725A4F484003A6C08 /* SidebarView.swift */; };
		F9D6207525B0C20300DD9A76 /* SidebarViewModel.swift in Sources */ = {isa = PBXBuildFile; fileRef = F942782525ADFF810077472A /* SidebarViewModel.swift */; };
		F9D6207825B0C2BD00DD9A76 /* IconPrefixViewModifier.swift in Sources */ = {isa = PBXBuildFile; fileRef = F9BD2D8C25B0A479006B33B7 /* IconPrefixViewModifier.swift */; };
		F9F2C7C825A4CD2900826680 /* App.swift in Sources */ = {isa = PBXBuildFile; fileRef = F9F2C7B625A4CD2800826680 /* App.swift */; };
		F9F2C7C925A4CD2900826680 /* App.swift in Sources */ = {isa = PBXBuildFile; fileRef = F9F2C7B625A4CD2800826680 /* App.swift */; };
		F9F2C7CA25A4CD2900826680 /* ContentView.swift in Sources */ = {isa = PBXBuildFile; fileRef = F9F2C7B725A4CD2800826680 /* ContentView.swift */; };
		F9F2C7CC25A4CD2900826680 /* Assets.xcassets in Resources */ = {isa = PBXBuildFile; fileRef = F9F2C7B825A4CD2800826680 /* Assets.xcassets */; };
		F9F2C7CD25A4CD2900826680 /* Assets.xcassets in Resources */ = {isa = PBXBuildFile; fileRef = F9F2C7B825A4CD2800826680 /* Assets.xcassets */; };
		F9F2C7E225A4CE2100826680 /* HomeView.swift in Sources */ = {isa = PBXBuildFile; fileRef = 7B67B8D2250A217C005FDEAD /* HomeView.swift */; };
		F9F2C7ED25A4CE2800826680 /* HomeView.swift in Sources */ = {isa = PBXBuildFile; fileRef = 7B67B8D2250A217C005FDEAD /* HomeView.swift */; };
		F9F2C7EE25A4CE2800826680 /* HomeState.swift in Sources */ = {isa = PBXBuildFile; fileRef = 17EDC8A9254ACA7C0019C88F /* HomeState.swift */; };
		F9F2C7F225A4CE2800826680 /* HomeState.swift in Sources */ = {isa = PBXBuildFile; fileRef = 17EDC8A9254ACA7C0019C88F /* HomeState.swift */; };
		F9F2C7FC25A4CE4600826680 /* FavoritesState.swift in Sources */ = {isa = PBXBuildFile; fileRef = 173037B325754B9F00DDC467 /* FavoritesState.swift */; };
		F9F2C7FD25A4CE4600826680 /* FavoritesView.swift in Sources */ = {isa = PBXBuildFile; fileRef = 7B67B8CE250A2153005FDEAD /* FavoritesView.swift */; };
		F9F2C7FE25A4CE4600826680 /* FavoritesState.swift in Sources */ = {isa = PBXBuildFile; fileRef = 173037B325754B9F00DDC467 /* FavoritesState.swift */; };
		F9F2C7FF25A4CE4600826680 /* FavoritesView.swift in Sources */ = {isa = PBXBuildFile; fileRef = 7B67B8CE250A2153005FDEAD /* FavoritesView.swift */; };
		F9F2C80B25A4CE6D00826680 /* UploadApplicationView.swift in Sources */ = {isa = PBXBuildFile; fileRef = 17353B2125512EAA001F2131 /* UploadApplicationView.swift */; };
		F9F2C80C25A4CE6D00826680 /* UploadApplicationState.swift in Sources */ = {isa = PBXBuildFile; fileRef = 179DD5672582079300080769 /* UploadApplicationState.swift */; };
		F9F2C80D25A4CE6D00826680 /* ScreenshotView.swift in Sources */ = {isa = PBXBuildFile; fileRef = 179DD5622582062100080769 /* ScreenshotView.swift */; };
		F9F2C80E25A4CE6D00826680 /* ScreenshotUploadButton.swift in Sources */ = {isa = PBXBuildFile; fileRef = 179DD553258203A700080769 /* ScreenshotUploadButton.swift */; };
		F9F2C80F25A4CE6D00826680 /* IconView.swift in Sources */ = {isa = PBXBuildFile; fileRef = 179DD5582582051D00080769 /* IconView.swift */; };
		F9F2C81325A4CE6D00826680 /* UploadApplicationView.swift in Sources */ = {isa = PBXBuildFile; fileRef = 17353B2125512EAA001F2131 /* UploadApplicationView.swift */; };
		F9F2C81425A4CE6D00826680 /* UploadApplicationState.swift in Sources */ = {isa = PBXBuildFile; fileRef = 179DD5672582079300080769 /* UploadApplicationState.swift */; };
		F9F2C81525A4CE6D00826680 /* ScreenshotView.swift in Sources */ = {isa = PBXBuildFile; fileRef = 179DD5622582062100080769 /* ScreenshotView.swift */; };
		F9F2C81625A4CE6D00826680 /* ScreenshotUploadButton.swift in Sources */ = {isa = PBXBuildFile; fileRef = 179DD553258203A700080769 /* ScreenshotUploadButton.swift */; };
		F9F2C81725A4CE6D00826680 /* IconView.swift in Sources */ = {isa = PBXBuildFile; fileRef = 179DD5582582051D00080769 /* IconView.swift */; };
		F9F2C81B25A4CE7100826680 /* ApplicationView.swift in Sources */ = {isa = PBXBuildFile; fileRef = 1717E5B32552D17A0064239B /* ApplicationView.swift */; };
		F9F2C81C25A4CE7100826680 /* ApplicationsState.swift in Sources */ = {isa = PBXBuildFile; fileRef = 1717E5BD2552D6DD0064239B /* ApplicationsState.swift */; };
		F9F2C81D25A4CE7100826680 /* ApplicationsView.swift in Sources */ = {isa = PBXBuildFile; fileRef = 1717E5B82552D6BB0064239B /* ApplicationsView.swift */; };
		F9F2C82125A4CE7100826680 /* ApplicationView.swift in Sources */ = {isa = PBXBuildFile; fileRef = 1717E5B32552D17A0064239B /* ApplicationView.swift */; };
		F9F2C82225A4CE7100826680 /* ApplicationsState.swift in Sources */ = {isa = PBXBuildFile; fileRef = 1717E5BD2552D6DD0064239B /* ApplicationsState.swift */; };
		F9F2C82325A4CE7100826680 /* ApplicationsView.swift in Sources */ = {isa = PBXBuildFile; fileRef = 1717E5B82552D6BB0064239B /* ApplicationsView.swift */; };
		F9F2C82725A4CE7400826680 /* ApplicationDetailState.swift in Sources */ = {isa = PBXBuildFile; fileRef = 17CD2865257F4E3200889ED6 /* ApplicationDetailState.swift */; };
		F9F2C82825A4CE7400826680 /* ApplicationDetailView.swift in Sources */ = {isa = PBXBuildFile; fileRef = 17CD286A257F585500889ED6 /* ApplicationDetailView.swift */; };
		F9F2C82C25A4CE7500826680 /* ApplicationDetailState.swift in Sources */ = {isa = PBXBuildFile; fileRef = 17CD2865257F4E3200889ED6 /* ApplicationDetailState.swift */; };
		F9F2C82D25A4CE7500826680 /* ApplicationDetailView.swift in Sources */ = {isa = PBXBuildFile; fileRef = 17CD286A257F585500889ED6 /* ApplicationDetailView.swift */; };
		F9F2C83325A4CE8D00826680 /* ImagePicker.swift in Sources */ = {isa = PBXBuildFile; fileRef = 179DD55D258205A800080769 /* ImagePicker.swift */; };
		F9F2C83F25A4CE9100826680 /* MokoResourceExtensions.swift in Sources */ = {isa = PBXBuildFile; fileRef = 17ED221E257E5720003BE46D /* MokoResourceExtensions.swift */; };
		F9F2C84325A4CE9200826680 /* MokoResourceExtensions.swift in Sources */ = {isa = PBXBuildFile; fileRef = 17ED221E257E5720003BE46D /* MokoResourceExtensions.swift */; };
		F9F2C89925A4EA1700826680 /* PlaceholderView.swift in Sources */ = {isa = PBXBuildFile; fileRef = F9F2C89825A4EA1700826680 /* PlaceholderView.swift */; };
		F9F2C89A25A4EA1700826680 /* PlaceholderView.swift in Sources */ = {isa = PBXBuildFile; fileRef = F9F2C89825A4EA1700826680 /* PlaceholderView.swift */; };
/* End PBXBuildFile section */

/* Begin PBXFileReference section */
		14AF890C2614641900B4FC96 /* swiftpackage */ = {isa = PBXFileReference; lastKnownFileType = folder; name = swiftpackage; path = ../common/swiftpackage; sourceTree = "<group>"; };
		1717E5B32552D17A0064239B /* ApplicationView.swift */ = {isa = PBXFileReference; lastKnownFileType = sourcecode.swift; path = ApplicationView.swift; sourceTree = "<group>"; };
		1717E5B82552D6BB0064239B /* ApplicationsView.swift */ = {isa = PBXFileReference; lastKnownFileType = sourcecode.swift; path = ApplicationsView.swift; sourceTree = "<group>"; };
		1717E5BD2552D6DD0064239B /* ApplicationsState.swift */ = {isa = PBXFileReference; lastKnownFileType = sourcecode.swift; path = ApplicationsState.swift; sourceTree = "<group>"; };
		173037B325754B9F00DDC467 /* FavoritesState.swift */ = {isa = PBXFileReference; lastKnownFileType = sourcecode.swift; path = FavoritesState.swift; sourceTree = "<group>"; };
		17353B2125512EAA001F2131 /* UploadApplicationView.swift */ = {isa = PBXFileReference; lastKnownFileType = sourcecode.swift; path = UploadApplicationView.swift; sourceTree = "<group>"; };
		179DD553258203A700080769 /* ScreenshotUploadButton.swift */ = {isa = PBXFileReference; lastKnownFileType = sourcecode.swift; path = ScreenshotUploadButton.swift; sourceTree = "<group>"; };
		179DD5582582051D00080769 /* IconView.swift */ = {isa = PBXFileReference; lastKnownFileType = sourcecode.swift; path = IconView.swift; sourceTree = "<group>"; };
		179DD55D258205A800080769 /* ImagePicker.swift */ = {isa = PBXFileReference; lastKnownFileType = sourcecode.swift; path = ImagePicker.swift; sourceTree = "<group>"; };
		179DD5622582062100080769 /* ScreenshotView.swift */ = {isa = PBXFileReference; lastKnownFileType = sourcecode.swift; path = ScreenshotView.swift; sourceTree = "<group>"; };
		179DD5672582079300080769 /* UploadApplicationState.swift */ = {isa = PBXFileReference; lastKnownFileType = sourcecode.swift; path = UploadApplicationState.swift; sourceTree = "<group>"; };
		17CD2865257F4E3200889ED6 /* ApplicationDetailState.swift */ = {isa = PBXFileReference; lastKnownFileType = sourcecode.swift; path = ApplicationDetailState.swift; sourceTree = "<group>"; };
		17CD286A257F585500889ED6 /* ApplicationDetailView.swift */ = {isa = PBXFileReference; lastKnownFileType = sourcecode.swift; path = ApplicationDetailView.swift; sourceTree = "<group>"; };
		17ED221E257E5720003BE46D /* MokoResourceExtensions.swift */ = {isa = PBXFileReference; lastKnownFileType = sourcecode.swift; path = MokoResourceExtensions.swift; sourceTree = "<group>"; };
		17EDC8A9254ACA7C0019C88F /* HomeState.swift */ = {isa = PBXFileReference; lastKnownFileType = sourcecode.swift; path = HomeState.swift; sourceTree = "<group>"; };
		7B67B8CE250A2153005FDEAD /* FavoritesView.swift */ = {isa = PBXFileReference; lastKnownFileType = sourcecode.swift; path = FavoritesView.swift; sourceTree = "<group>"; };
		7B67B8D2250A217C005FDEAD /* HomeView.swift */ = {isa = PBXFileReference; lastKnownFileType = sourcecode.swift; path = HomeView.swift; sourceTree = "<group>"; };
		F942782525ADFF810077472A /* SidebarViewModel.swift */ = {isa = PBXFileReference; lastKnownFileType = sourcecode.swift; path = SidebarViewModel.swift; sourceTree = "<group>"; };
		F950463725A4F484003A6C08 /* SidebarView.swift */ = {isa = PBXFileReference; lastKnownFileType = sourcecode.swift; path = SidebarView.swift; sourceTree = "<group>"; };
		F9BD2D8C25B0A479006B33B7 /* IconPrefixViewModifier.swift */ = {isa = PBXFileReference; lastKnownFileType = sourcecode.swift; path = IconPrefixViewModifier.swift; sourceTree = "<group>"; };
		F9BD2D9025B0A89E006B33B7 /* StatefulView.swift */ = {isa = PBXFileReference; lastKnownFileType = sourcecode.swift; path = StatefulView.swift; sourceTree = "<group>"; };
		F9D6206E25B0C1CF00DD9A76 /* ContentView.swift */ = {isa = PBXFileReference; lastKnownFileType = sourcecode.swift; path = ContentView.swift; sourceTree = "<group>"; };
		F9F2C7B625A4CD2800826680 /* App.swift */ = {isa = PBXFileReference; lastKnownFileType = sourcecode.swift; path = App.swift; sourceTree = "<group>"; };
		F9F2C7B725A4CD2800826680 /* ContentView.swift */ = {isa = PBXFileReference; lastKnownFileType = sourcecode.swift; path = ContentView.swift; sourceTree = "<group>"; };
		F9F2C7B825A4CD2800826680 /* Assets.xcassets */ = {isa = PBXFileReference; lastKnownFileType = folder.assetcatalog; path = Assets.xcassets; sourceTree = "<group>"; };
		F9F2C7BD25A4CD2800826680 /* Portfolio.app */ = {isa = PBXFileReference; explicitFileType = wrapper.application; includeInIndex = 0; path = Portfolio.app; sourceTree = BUILT_PRODUCTS_DIR; };
		F9F2C7BF25A4CD2900826680 /* Info.plist */ = {isa = PBXFileReference; lastKnownFileType = text.plist.xml; path = Info.plist; sourceTree = "<group>"; };
		F9F2C7C425A4CD2900826680 /* Portfolio.app */ = {isa = PBXFileReference; explicitFileType = wrapper.application; includeInIndex = 0; path = Portfolio.app; sourceTree = BUILT_PRODUCTS_DIR; };
		F9F2C7C625A4CD2900826680 /* Info.plist */ = {isa = PBXFileReference; lastKnownFileType = text.plist.xml; path = Info.plist; sourceTree = "<group>"; };
		F9F2C7C725A4CD2900826680 /* macOS.entitlements */ = {isa = PBXFileReference; lastKnownFileType = text.plist.entitlements; path = macOS.entitlements; sourceTree = "<group>"; };
		F9F2C89825A4EA1700826680 /* PlaceholderView.swift */ = {isa = PBXFileReference; lastKnownFileType = sourcecode.swift; path = PlaceholderView.swift; sourceTree = "<group>"; };
/* End PBXFileReference section */

/* Begin PBXFrameworksBuildPhase section */
		F9F2C7BA25A4CD2800826680 /* Frameworks */ = {
			isa = PBXFrameworksBuildPhase;
			buildActionMask = 2147483647;
			files = (
				F942780C25ADF9060077472A /* SlidingTabView in Frameworks */,
				F942780125ADF8CF0077472A /* Kingfisher in Frameworks */,
				14AF89112614647F00B4FC96 /* AppPortfolioKit in Frameworks */,
			);
			runOnlyForDeploymentPostprocessing = 0;
		};
		F9F2C7C125A4CD2900826680 /* Frameworks */ = {
			isa = PBXFrameworksBuildPhase;
			buildActionMask = 2147483647;
			files = (
				14AF89132614648400B4FC96 /* AppPortfolioKit in Frameworks */,
				F942780525ADF8D70077472A /* Kingfisher in Frameworks */,
			);
			runOnlyForDeploymentPostprocessing = 0;
		};
/* End PBXFrameworksBuildPhase section */

/* Begin PBXGroup section */
		14AF890F2614647F00B4FC96 /* Frameworks */ = {
			isa = PBXGroup;
			children = (
			);
			name = Frameworks;
			sourceTree = "<group>";
		};
		1717E5B22552D1630064239B /* Applications */ = {
			isa = PBXGroup;
			children = (
				1717E5B82552D6BB0064239B /* ApplicationsView.swift */,
				1717E5BD2552D6DD0064239B /* ApplicationsState.swift */,
			);
			path = Applications;
			sourceTree = "<group>";
		};
		17353B0F2550401F001F2131 /* Upload Application */ = {
			isa = PBXGroup;
			children = (
				17353B2125512EAA001F2131 /* UploadApplicationView.swift */,
				179DD553258203A700080769 /* ScreenshotUploadButton.swift */,
				179DD5582582051D00080769 /* IconView.swift */,
				179DD5622582062100080769 /* ScreenshotView.swift */,
				179DD5672582079300080769 /* UploadApplicationState.swift */,
			);
			path = "Upload Application";
			sourceTree = "<group>";
		};
		17CD2861257F4DFB00889ED6 /* Application Detail */ = {
			isa = PBXGroup;
			children = (
				17CD2865257F4E3200889ED6 /* ApplicationDetailState.swift */,
				17CD286A257F585500889ED6 /* ApplicationDetailView.swift */,
			);
			path = "Application Detail";
			sourceTree = "<group>";
		};
		17ED221D257E56F6003BE46D /* Util */ = {
			isa = PBXGroup;
			children = (
				17ED221E257E5720003BE46D /* MokoResourceExtensions.swift */,
			);
			path = Util;
			sourceTree = "<group>";
		};
		7555FF72242A565900829871 = {
			isa = PBXGroup;
			children = (
				14AF890C2614641900B4FC96 /* swiftpackage */,
				F9F2C7B525A4CD2800826680 /* Shared */,
				F9F2C7BE25A4CD2900826680 /* iOS */,
				F9F2C7C525A4CD2900826680 /* macOS */,
				7555FF7C242A565900829871 /* Products */,
				14AF890F2614647F00B4FC96 /* Frameworks */,
			);
			sourceTree = "<group>";
		};
		7555FF7C242A565900829871 /* Products */ = {
			isa = PBXGroup;
			children = (
				F9F2C7BD25A4CD2800826680 /* Portfolio.app */,
				F9F2C7C425A4CD2900826680 /* Portfolio.app */,
			);
			name = Products;
			sourceTree = "<group>";
		};
		7B0C0B4825499EDA00AED8CB /* Home */ = {
			isa = PBXGroup;
			children = (
				7B67B8D2250A217C005FDEAD /* HomeView.swift */,
				17EDC8A9254ACA7C0019C88F /* HomeState.swift */,
			);
			path = Home;
			sourceTree = "<group>";
		};
		7B0C0B4925499EE000AED8CB /* Favorites */ = {
			isa = PBXGroup;
			children = (
				7B67B8CE250A2153005FDEAD /* FavoritesView.swift */,
				173037B325754B9F00DDC467 /* FavoritesState.swift */,
			);
			path = Favorites;
			sourceTree = "<group>";
		};
		F950463625A4F471003A6C08 /* Sidebar */ = {
			isa = PBXGroup;
			children = (
				F950463725A4F484003A6C08 /* SidebarView.swift */,
				F942782525ADFF810077472A /* SidebarViewModel.swift */,
			);
			path = Sidebar;
			sourceTree = "<group>";
		};
		F9BD2D8625B0A45B006B33B7 /* Views */ = {
			isa = PBXGroup;
			children = (
				1717E5B32552D17A0064239B /* ApplicationView.swift */,
				F9F2C89825A4EA1700826680 /* PlaceholderView.swift */,
				F9BD2D9025B0A89E006B33B7 /* StatefulView.swift */,
			);
			path = Views;
			sourceTree = "<group>";
		};
		F9BD2D8B25B0A467006B33B7 /* Modifiers */ = {
			isa = PBXGroup;
			children = (
				F9BD2D8C25B0A479006B33B7 /* IconPrefixViewModifier.swift */,
			);
			path = Modifiers;
			sourceTree = "<group>";
		};
		F9F2C7B525A4CD2800826680 /* Shared */ = {
			isa = PBXGroup;
			children = (
				F9F2C7DE25A4CE0800826680 /* Screens */,
				F9F2C89525A4E76D00826680 /* Components */,
				17ED221D257E56F6003BE46D /* Util */,
				F9F2C7B625A4CD2800826680 /* App.swift */,
				F9F2C7B825A4CD2800826680 /* Assets.xcassets */,
			);
			path = Shared;
			sourceTree = "<group>";
		};
		F9F2C7BE25A4CD2900826680 /* iOS */ = {
			isa = PBXGroup;
			children = (
				F9F2C7B725A4CD2800826680 /* ContentView.swift */,
				179DD55D258205A800080769 /* ImagePicker.swift */,
				F9F2C7BF25A4CD2900826680 /* Info.plist */,
			);
			path = iOS;
			sourceTree = "<group>";
		};
		F9F2C7C525A4CD2900826680 /* macOS */ = {
			isa = PBXGroup;
			children = (
				F9F2C7C625A4CD2900826680 /* Info.plist */,
				F9F2C7C725A4CD2900826680 /* macOS.entitlements */,
				F9D6206E25B0C1CF00DD9A76 /* ContentView.swift */,
			);
			path = macOS;
			sourceTree = "<group>";
		};
		F9F2C7DE25A4CE0800826680 /* Screens */ = {
			isa = PBXGroup;
			children = (
				F950463625A4F471003A6C08 /* Sidebar */,
				17CD2861257F4DFB00889ED6 /* Application Detail */,
				1717E5B22552D1630064239B /* Applications */,
				17353B0F2550401F001F2131 /* Upload Application */,
				7B0C0B4825499EDA00AED8CB /* Home */,
				7B0C0B4925499EE000AED8CB /* Favorites */,
			);
			path = Screens;
			sourceTree = "<group>";
		};
		F9F2C89525A4E76D00826680 /* Components */ = {
			isa = PBXGroup;
			children = (
				F9BD2D8B25B0A467006B33B7 /* Modifiers */,
				F9BD2D8625B0A45B006B33B7 /* Views */,
			);
			path = Components;
			sourceTree = "<group>";
		};
/* End PBXGroup section */

/* Begin PBXNativeTarget section */
		F9F2C7BC25A4CD2800826680 /* App Portfolio (iOS) */ = {
			isa = PBXNativeTarget;
			buildConfigurationList = F9F2C7CE25A4CD2900826680 /* Build configuration list for PBXNativeTarget "App Portfolio (iOS)" */;
			buildPhases = (
				F9F2C87625A4D8E100826680 /* Moko */,
				F9F2C7B925A4CD2800826680 /* Sources */,
				F9F2C7BA25A4CD2800826680 /* Frameworks */,
				F9F2C7BB25A4CD2800826680 /* Resources */,
			);
			buildRules = (
			);
			dependencies = (
			);
			name = "App Portfolio (iOS)";
			packageProductDependencies = (
				F942780025ADF8CF0077472A /* Kingfisher */,
				F942780B25ADF9060077472A /* SlidingTabView */,
				14AF89102614647F00B4FC96 /* AppPortfolioKit */,
			);
			productName = "App Portfolio (iOS)";
			productReference = F9F2C7BD25A4CD2800826680 /* Portfolio.app */;
			productType = "com.apple.product-type.application";
		};
		F9F2C7C325A4CD2900826680 /* App Portfolio (macOS) */ = {
			isa = PBXNativeTarget;
			buildConfigurationList = F9F2C7D125A4CD2900826680 /* Build configuration list for PBXNativeTarget "App Portfolio (macOS)" */;
			buildPhases = (
				F9F2C88E25A4DBAE00826680 /* Build common */,
				F9F2C7C025A4CD2900826680 /* Sources */,
				F9F2C7C125A4CD2900826680 /* Frameworks */,
				F9F2C7C225A4CD2900826680 /* Resources */,
			);
			buildRules = (
			);
			dependencies = (
			);
			name = "App Portfolio (macOS)";
			packageProductDependencies = (
				F942780425ADF8D70077472A /* Kingfisher */,
				14AF89122614648400B4FC96 /* AppPortfolioKit */,
			);
			productName = "App Portfolio (macOS)";
			productReference = F9F2C7C425A4CD2900826680 /* Portfolio.app */;
			productType = "com.apple.product-type.application";
		};
/* End PBXNativeTarget section */

/* Begin PBXProject section */
		7555FF73242A565900829871 /* Project object */ = {
			isa = PBXProject;
			attributes = {
				LastSwiftUpdateCheck = 1230;
				LastUpgradeCheck = 1130;
				ORGANIZATIONNAME = "Halcyon Mobile";
				TargetAttributes = {
					F9F2C7BC25A4CD2800826680 = {
						CreatedOnToolsVersion = 12.3;
					};
					F9F2C7C325A4CD2900826680 = {
						CreatedOnToolsVersion = 12.3;
					};
				};
			};
			buildConfigurationList = 7555FF76242A565900829871 /* Build configuration list for PBXProject "iosApp" */;
			compatibilityVersion = "Xcode 9.3";
			developmentRegion = en;
			hasScannedForEncodings = 0;
			knownRegions = (
				en,
				Base,
			);
			mainGroup = 7555FF72242A565900829871;
			packageReferences = (
				F94277FF25ADF8CF0077472A /* XCRemoteSwiftPackageReference "Kingfisher" */,
				F942780A25ADF9060077472A /* XCRemoteSwiftPackageReference "SlidingTabView" */,
			);
			productRefGroup = 7555FF7C242A565900829871 /* Products */;
			projectDirPath = "";
			projectRoot = "";
			targets = (
				F9F2C7BC25A4CD2800826680 /* App Portfolio (iOS) */,
				F9F2C7C325A4CD2900826680 /* App Portfolio (macOS) */,
			);
		};
/* End PBXProject section */

/* Begin PBXResourcesBuildPhase section */
		F9F2C7BB25A4CD2800826680 /* Resources */ = {
			isa = PBXResourcesBuildPhase;
			buildActionMask = 2147483647;
			files = (
				F9F2C7CC25A4CD2900826680 /* Assets.xcassets in Resources */,
			);
			runOnlyForDeploymentPostprocessing = 0;
		};
		F9F2C7C225A4CD2900826680 /* Resources */ = {
			isa = PBXResourcesBuildPhase;
			buildActionMask = 2147483647;
			files = (
				F9F2C7CD25A4CD2900826680 /* Assets.xcassets in Resources */,
			);
			runOnlyForDeploymentPostprocessing = 0;
		};
/* End PBXResourcesBuildPhase section */

/* Begin PBXShellScriptBuildPhase section */
		F9F2C87625A4D8E100826680 /* Moko */ = {
			isa = PBXShellScriptBuildPhase;
			buildActionMask = 2147483647;
			files = (
			);
			inputFileListPaths = (
			);
			inputPaths = (
			);
			name = Moko;
			outputFileListPaths = (
			);
			outputPaths = (
			);
			runOnlyForDeploymentPostprocessing = 0;
			shellPath = /bin/sh;
			shellScript = "cd \"$SRCROOT/..\"\n./gradlew :common:packForXCode -PXCODE_CONFIGURATION=${CONFIGURATION}\n\n./gradlew :common:copyFrameworkResourcesToApp \\\n-Pmoko.resources.PLATFORM_NAME=$PLATFORM_NAME \\\n-Pmoko.resources.CONFIGURATION=$CONFIGURATION \\\n-Pmoko.resources.BUILT_PRODUCTS_DIR=$BUILT_PRODUCTS_DIR \\\n-Pmoko.resources.CONTENTS_FOLDER_PATH=$CONTENTS_FOLDER_PATH\n";
		};
		F9F2C88E25A4DBAE00826680 /* Build common */ = {
			isa = PBXShellScriptBuildPhase;
			buildActionMask = 2147483647;
			files = (
			);
			inputFileListPaths = (
			);
			inputPaths = (
			);
			name = "Build common";
			outputFileListPaths = (
			);
			outputPaths = (
			);
			runOnlyForDeploymentPostprocessing = 0;
			shellPath = /bin/sh;
			shellScript = "cd \"$SRCROOT/..\"\n./gradlew :common:packForXCode -PXCODE_CONFIGURATION=${CONFIGURATION}\n\n./gradlew :common:copyFrameworkResourcesToApp \\\n-Pmoko.resources.PLATFORM_NAME=$PLATFORM_NAME \\\n-Pmoko.resources.CONFIGURATION=$CONFIGURATION \\\n-Pmoko.resources.BUILT_PRODUCTS_DIR=$BUILT_PRODUCTS_DIR \\\n-Pmoko.resources.CONTENTS_FOLDER_PATH=$CONTENTS_FOLDER_PATH\n";
		};
/* End PBXShellScriptBuildPhase section */

/* Begin PBXSourcesBuildPhase section */
		F9F2C7B925A4CD2800826680 /* Sources */ = {
			isa = PBXSourcesBuildPhase;
			buildActionMask = 2147483647;
			files = (
				F9BD2D8D25B0A479006B33B7 /* IconPrefixViewModifier.swift in Sources */,
				F9F2C80D25A4CE6D00826680 /* ScreenshotView.swift in Sources */,
				F9F2C80F25A4CE6D00826680 /* IconView.swift in Sources */,
				F9F2C81B25A4CE7100826680 /* ApplicationView.swift in Sources */,
				F9F2C81D25A4CE7100826680 /* ApplicationsView.swift in Sources */,
				F9F2C7F225A4CE2800826680 /* HomeState.swift in Sources */,
				F9F2C80B25A4CE6D00826680 /* UploadApplicationView.swift in Sources */,
				F9BD2D9125B0A89E006B33B7 /* StatefulView.swift in Sources */,
				F9F2C80E25A4CE6D00826680 /* ScreenshotUploadButton.swift in Sources */,
				F9F2C7E225A4CE2100826680 /* HomeView.swift in Sources */,
				F9F2C7FD25A4CE4600826680 /* FavoritesView.swift in Sources */,
				F9F2C7CA25A4CD2900826680 /* ContentView.swift in Sources */,
				F9F2C82825A4CE7400826680 /* ApplicationDetailView.swift in Sources */,
				F9F2C81C25A4CE7100826680 /* ApplicationsState.swift in Sources */,
				F9F2C7C825A4CD2900826680 /* App.swift in Sources */,
				F942782625ADFF810077472A /* SidebarViewModel.swift in Sources */,
				F9F2C80C25A4CE6D00826680 /* UploadApplicationState.swift in Sources */,
				F9F2C89925A4EA1700826680 /* PlaceholderView.swift in Sources */,
				F9F2C83325A4CE8D00826680 /* ImagePicker.swift in Sources */,
				F950463825A4F484003A6C08 /* SidebarView.swift in Sources */,
				F9F2C83F25A4CE9100826680 /* MokoResourceExtensions.swift in Sources */,
				F9F2C7FC25A4CE4600826680 /* FavoritesState.swift in Sources */,
				F9F2C82725A4CE7400826680 /* ApplicationDetailState.swift in Sources */,
			);
			runOnlyForDeploymentPostprocessing = 0;
		};
		F9F2C7C025A4CD2900826680 /* Sources */ = {
			isa = PBXSourcesBuildPhase;
			buildActionMask = 2147483647;
			files = (
				F9D6207825B0C2BD00DD9A76 /* IconPrefixViewModifier.swift in Sources */,
				F9F2C81525A4CE6D00826680 /* ScreenshotView.swift in Sources */,
				F9F2C81725A4CE6D00826680 /* IconView.swift in Sources */,
				F9D6206F25B0C1D300DD9A76 /* ContentView.swift in Sources */,
				F9F2C82125A4CE7100826680 /* ApplicationView.swift in Sources */,
				F9F2C82325A4CE7100826680 /* ApplicationsView.swift in Sources */,
				F9F2C7EE25A4CE2800826680 /* HomeState.swift in Sources */,
				F9F2C81325A4CE6D00826680 /* UploadApplicationView.swift in Sources */,
				F9D6207225B0C1F000DD9A76 /* SidebarView.swift in Sources */,
				F9D6207525B0C20300DD9A76 /* SidebarViewModel.swift in Sources */,
				F9F2C81625A4CE6D00826680 /* ScreenshotUploadButton.swift in Sources */,
				F9D6206925B0C0C800DD9A76 /* StatefulView.swift in Sources */,
				F9F2C7ED25A4CE2800826680 /* HomeView.swift in Sources */,
				F9F2C7FF25A4CE4600826680 /* FavoritesView.swift in Sources */,
				F9F2C82D25A4CE7500826680 /* ApplicationDetailView.swift in Sources */,
				F9F2C82225A4CE7100826680 /* ApplicationsState.swift in Sources */,
				F9F2C7C925A4CD2900826680 /* App.swift in Sources */,
				F9F2C81425A4CE6D00826680 /* UploadApplicationState.swift in Sources */,
				F9F2C89A25A4EA1700826680 /* PlaceholderView.swift in Sources */,
				F9F2C84325A4CE9200826680 /* MokoResourceExtensions.swift in Sources */,
				F9F2C7FE25A4CE4600826680 /* FavoritesState.swift in Sources */,
				F9F2C82C25A4CE7500826680 /* ApplicationDetailState.swift in Sources */,
			);
			runOnlyForDeploymentPostprocessing = 0;
		};
/* End PBXSourcesBuildPhase section */

/* Begin XCBuildConfiguration section */
		7555FFA3242A565B00829871 /* Debug */ = {
			isa = XCBuildConfiguration;
			buildSettings = {
				ALWAYS_SEARCH_USER_PATHS = NO;
				CLANG_ANALYZER_NONNULL = YES;
				CLANG_ANALYZER_NUMBER_OBJECT_CONVERSION = YES_AGGRESSIVE;
				CLANG_CXX_LANGUAGE_STANDARD = "gnu++14";
				CLANG_CXX_LIBRARY = "libc++";
				CLANG_ENABLE_MODULES = YES;
				CLANG_ENABLE_OBJC_ARC = YES;
				CLANG_ENABLE_OBJC_WEAK = YES;
				CLANG_WARN_BLOCK_CAPTURE_AUTORELEASING = YES;
				CLANG_WARN_BOOL_CONVERSION = YES;
				CLANG_WARN_COMMA = YES;
				CLANG_WARN_CONSTANT_CONVERSION = YES;
				CLANG_WARN_DEPRECATED_OBJC_IMPLEMENTATIONS = YES;
				CLANG_WARN_DIRECT_OBJC_ISA_USAGE = YES_ERROR;
				CLANG_WARN_DOCUMENTATION_COMMENTS = YES;
				CLANG_WARN_EMPTY_BODY = YES;
				CLANG_WARN_ENUM_CONVERSION = YES;
				CLANG_WARN_INFINITE_RECURSION = YES;
				CLANG_WARN_INT_CONVERSION = YES;
				CLANG_WARN_NON_LITERAL_NULL_CONVERSION = YES;
				CLANG_WARN_OBJC_IMPLICIT_RETAIN_SELF = YES;
				CLANG_WARN_OBJC_LITERAL_CONVERSION = YES;
				CLANG_WARN_OBJC_ROOT_CLASS = YES_ERROR;
				CLANG_WARN_QUOTED_INCLUDE_IN_FRAMEWORK_HEADER = YES;
				CLANG_WARN_RANGE_LOOP_ANALYSIS = YES;
				CLANG_WARN_STRICT_PROTOTYPES = YES;
				CLANG_WARN_SUSPICIOUS_MOVE = YES;
				CLANG_WARN_UNGUARDED_AVAILABILITY = YES_AGGRESSIVE;
				CLANG_WARN_UNREACHABLE_CODE = YES;
				CLANG_WARN__DUPLICATE_METHOD_MATCH = YES;
				CODE_SIGN_IDENTITY = "";
				COPY_PHASE_STRIP = NO;
				DEBUG_INFORMATION_FORMAT = "dwarf-with-dsym";
				ENABLE_STRICT_OBJC_MSGSEND = YES;
				ENABLE_TESTABILITY = YES;
				GCC_C_LANGUAGE_STANDARD = gnu11;
				GCC_DYNAMIC_NO_PIC = NO;
				GCC_NO_COMMON_BLOCKS = YES;
				GCC_OPTIMIZATION_LEVEL = 0;
				GCC_PREPROCESSOR_DEFINITIONS = (
					"DEBUG=1",
					"$(inherited)",
				);
				GCC_WARN_64_TO_32_BIT_CONVERSION = YES;
				GCC_WARN_ABOUT_RETURN_TYPE = YES_ERROR;
				GCC_WARN_UNDECLARED_SELECTOR = YES;
				GCC_WARN_UNINITIALIZED_AUTOS = YES_AGGRESSIVE;
				GCC_WARN_UNUSED_FUNCTION = YES;
				GCC_WARN_UNUSED_VARIABLE = YES;
				IPHONEOS_DEPLOYMENT_TARGET = 14.0;
				MTL_ENABLE_DEBUG_INFO = INCLUDE_SOURCE;
				MTL_FAST_MATH = YES;
				ONLY_ACTIVE_ARCH = YES;
				OTHER_LDFLAGS = "-l\"sqlite3\"";
				SDKROOT = iphoneos;
				SWIFT_ACTIVE_COMPILATION_CONDITIONS = DEBUG;
				SWIFT_OPTIMIZATION_LEVEL = "-Onone";
			};
			name = Debug;
		};
		7555FFA4242A565B00829871 /* Release */ = {
			isa = XCBuildConfiguration;
			buildSettings = {
				ALWAYS_SEARCH_USER_PATHS = NO;
				CLANG_ANALYZER_NONNULL = YES;
				CLANG_ANALYZER_NUMBER_OBJECT_CONVERSION = YES_AGGRESSIVE;
				CLANG_CXX_LANGUAGE_STANDARD = "gnu++14";
				CLANG_CXX_LIBRARY = "libc++";
				CLANG_ENABLE_MODULES = YES;
				CLANG_ENABLE_OBJC_ARC = YES;
				CLANG_ENABLE_OBJC_WEAK = YES;
				CLANG_WARN_BLOCK_CAPTURE_AUTORELEASING = YES;
				CLANG_WARN_BOOL_CONVERSION = YES;
				CLANG_WARN_COMMA = YES;
				CLANG_WARN_CONSTANT_CONVERSION = YES;
				CLANG_WARN_DEPRECATED_OBJC_IMPLEMENTATIONS = YES;
				CLANG_WARN_DIRECT_OBJC_ISA_USAGE = YES_ERROR;
				CLANG_WARN_DOCUMENTATION_COMMENTS = YES;
				CLANG_WARN_EMPTY_BODY = YES;
				CLANG_WARN_ENUM_CONVERSION = YES;
				CLANG_WARN_INFINITE_RECURSION = YES;
				CLANG_WARN_INT_CONVERSION = YES;
				CLANG_WARN_NON_LITERAL_NULL_CONVERSION = YES;
				CLANG_WARN_OBJC_IMPLICIT_RETAIN_SELF = YES;
				CLANG_WARN_OBJC_LITERAL_CONVERSION = YES;
				CLANG_WARN_OBJC_ROOT_CLASS = YES_ERROR;
				CLANG_WARN_QUOTED_INCLUDE_IN_FRAMEWORK_HEADER = YES;
				CLANG_WARN_RANGE_LOOP_ANALYSIS = YES;
				CLANG_WARN_STRICT_PROTOTYPES = YES;
				CLANG_WARN_SUSPICIOUS_MOVE = YES;
				CLANG_WARN_UNGUARDED_AVAILABILITY = YES_AGGRESSIVE;
				CLANG_WARN_UNREACHABLE_CODE = YES;
				CLANG_WARN__DUPLICATE_METHOD_MATCH = YES;
				CODE_SIGN_IDENTITY = "";
				COPY_PHASE_STRIP = NO;
				DEBUG_INFORMATION_FORMAT = "dwarf-with-dsym";
				ENABLE_NS_ASSERTIONS = NO;
				ENABLE_STRICT_OBJC_MSGSEND = YES;
				GCC_C_LANGUAGE_STANDARD = gnu11;
				GCC_NO_COMMON_BLOCKS = YES;
				GCC_WARN_64_TO_32_BIT_CONVERSION = YES;
				GCC_WARN_ABOUT_RETURN_TYPE = YES_ERROR;
				GCC_WARN_UNDECLARED_SELECTOR = YES;
				GCC_WARN_UNINITIALIZED_AUTOS = YES_AGGRESSIVE;
				GCC_WARN_UNUSED_FUNCTION = YES;
				GCC_WARN_UNUSED_VARIABLE = YES;
				IPHONEOS_DEPLOYMENT_TARGET = 14.0;
				MTL_ENABLE_DEBUG_INFO = NO;
				MTL_FAST_MATH = YES;
				OTHER_LDFLAGS = "-l\"sqlite3\"";
				SDKROOT = iphoneos;
				SWIFT_COMPILATION_MODE = wholemodule;
				SWIFT_OPTIMIZATION_LEVEL = "-O";
				VALIDATE_PRODUCT = YES;
			};
			name = Release;
		};
		F9F2C7CF25A4CD2900826680 /* Debug */ = {
			isa = XCBuildConfiguration;
			buildSettings = {
				ASSETCATALOG_COMPILER_APPICON_NAME = AppIcon;
				ASSETCATALOG_COMPILER_GLOBAL_ACCENT_COLOR_NAME = AccentColor;
				CLANG_WARN_QUOTED_INCLUDE_IN_FRAMEWORK_HEADER = YES;
				CODE_SIGN_STYLE = Automatic;
				DEBUG_INFORMATION_FORMAT = dwarf;
				ENABLE_PREVIEWS = YES;
				INFOPLIST_FILE = iOS/Info.plist;
				IPHONEOS_DEPLOYMENT_TARGET = 14.0;
				LD_RUNPATH_SEARCH_PATHS = (
					"$(inherited)",
					"@executable_path/Frameworks",
				);
				PRODUCT_BUNDLE_IDENTIFIER = com.halcyonmobile.multiplatformplayground;
				PRODUCT_NAME = Portfolio;
				SDKROOT = iphoneos;
				SWIFT_VERSION = 5.0;
				TARGETED_DEVICE_FAMILY = "1,2";
			};
			name = Debug;
		};
		F9F2C7D025A4CD2900826680 /* Release */ = {
			isa = XCBuildConfiguration;
			buildSettings = {
				ASSETCATALOG_COMPILER_APPICON_NAME = AppIcon;
				ASSETCATALOG_COMPILER_GLOBAL_ACCENT_COLOR_NAME = AccentColor;
				CLANG_WARN_QUOTED_INCLUDE_IN_FRAMEWORK_HEADER = YES;
				CODE_SIGN_STYLE = Automatic;
				ENABLE_PREVIEWS = YES;
				INFOPLIST_FILE = iOS/Info.plist;
				IPHONEOS_DEPLOYMENT_TARGET = 14.0;
				LD_RUNPATH_SEARCH_PATHS = (
					"$(inherited)",
					"@executable_path/Frameworks",
				);
				PRODUCT_BUNDLE_IDENTIFIER = com.halcyonmobile.multiplatformplayground;
				PRODUCT_NAME = Portfolio;
				SDKROOT = iphoneos;
				SWIFT_VERSION = 5.0;
				TARGETED_DEVICE_FAMILY = "1,2";
				VALIDATE_PRODUCT = YES;
			};
			name = Release;
		};
		F9F2C7D225A4CD2900826680 /* Debug */ = {
			isa = XCBuildConfiguration;
			buildSettings = {
				ASSETCATALOG_COMPILER_APPICON_NAME = AppIcon;
				ASSETCATALOG_COMPILER_GLOBAL_ACCENT_COLOR_NAME = AccentColor;
				CLANG_WARN_QUOTED_INCLUDE_IN_FRAMEWORK_HEADER = YES;
				CODE_SIGN_ENTITLEMENTS = macOS/macOS.entitlements;
				CODE_SIGN_IDENTITY = "";
				CODE_SIGN_STYLE = Automatic;
				COMBINE_HIDPI_IMAGES = YES;
				DEBUG_INFORMATION_FORMAT = dwarf;
				DEVELOPMENT_TEAM = "";
				ENABLE_PREVIEWS = YES;
				INFOPLIST_FILE = macOS/Info.plist;
				LD_RUNPATH_SEARCH_PATHS = (
					"$(inherited)",
					"@executable_path/../Frameworks",
				);
				MACOSX_DEPLOYMENT_TARGET = 11.0;
				PRODUCT_BUNDLE_IDENTIFIER = com.halcyonmobile.multiplatformplayground;
				PRODUCT_NAME = Portfolio;
				PROVISIONING_PROFILE_SPECIFIER = "";
				SDKROOT = macosx;
				SWIFT_VERSION = 5.0;
			};
			name = Debug;
		};
		F9F2C7D325A4CD2900826680 /* Release */ = {
			isa = XCBuildConfiguration;
			buildSettings = {
				ASSETCATALOG_COMPILER_APPICON_NAME = AppIcon;
				ASSETCATALOG_COMPILER_GLOBAL_ACCENT_COLOR_NAME = AccentColor;
				CLANG_WARN_QUOTED_INCLUDE_IN_FRAMEWORK_HEADER = YES;
				CODE_SIGN_ENTITLEMENTS = macOS/macOS.entitlements;
				CODE_SIGN_IDENTITY = "";
				CODE_SIGN_STYLE = Automatic;
				COMBINE_HIDPI_IMAGES = YES;
				ENABLE_PREVIEWS = YES;
				INFOPLIST_FILE = macOS/Info.plist;
				LD_RUNPATH_SEARCH_PATHS = (
					"$(inherited)",
					"@executable_path/../Frameworks",
				);
				MACOSX_DEPLOYMENT_TARGET = 11.0;
				PRODUCT_BUNDLE_IDENTIFIER = com.halcyonmobile.multiplatformplayground;
				PRODUCT_NAME = Portfolio;
				SDKROOT = macosx;
				SWIFT_VERSION = 5.0;
			};
			name = Release;
		};
/* End XCBuildConfiguration section */

/* Begin XCConfigurationList section */
		7555FF76242A565900829871 /* Build configuration list for PBXProject "iosApp" */ = {
			isa = XCConfigurationList;
			buildConfigurations = (
				7555FFA3242A565B00829871 /* Debug */,
				7555FFA4242A565B00829871 /* Release */,
			);
			defaultConfigurationIsVisible = 0;
			defaultConfigurationName = Release;
		};
		F9F2C7CE25A4CD2900826680 /* Build configuration list for PBXNativeTarget "App Portfolio (iOS)" */ = {
			isa = XCConfigurationList;
			buildConfigurations = (
				F9F2C7CF25A4CD2900826680 /* Debug */,
				F9F2C7D025A4CD2900826680 /* Release */,
			);
			defaultConfigurationIsVisible = 0;
			defaultConfigurationName = Release;
		};
		F9F2C7D125A4CD2900826680 /* Build configuration list for PBXNativeTarget "App Portfolio (macOS)" */ = {
			isa = XCConfigurationList;
			buildConfigurations = (
				F9F2C7D225A4CD2900826680 /* Debug */,
				F9F2C7D325A4CD2900826680 /* Release */,
			);
			defaultConfigurationIsVisible = 0;
			defaultConfigurationName = Release;
		};
/* End XCConfigurationList section */

/* Begin XCRemoteSwiftPackageReference section */
		F94277FF25ADF8CF0077472A /* XCRemoteSwiftPackageReference "Kingfisher" */ = {
			isa = XCRemoteSwiftPackageReference;
			repositoryURL = "https://github.com/onevcat/Kingfisher.git";
			requirement = {
				kind = upToNextMajorVersion;
				minimumVersion = 6.0.1;
			};
		};
		F942780A25ADF9060077472A /* XCRemoteSwiftPackageReference "SlidingTabView" */ = {
			isa = XCRemoteSwiftPackageReference;
			repositoryURL = "https://github.com/QuynhNguyen/SlidingTabView";
			requirement = {
				kind = upToNextMajorVersion;
				minimumVersion = 1.0.2;
			};
		};
/* End XCRemoteSwiftPackageReference section */

/* Begin XCSwiftPackageProductDependency section */
		14AF89102614647F00B4FC96 /* AppPortfolioKit */ = {
			isa = XCSwiftPackageProductDependency;
			productName = AppPortfolioKit;
		};
		14AF89122614648400B4FC96 /* AppPortfolioKit */ = {
			isa = XCSwiftPackageProductDependency;
			productName = AppPortfolioKit;
		};
		F942780025ADF8CF0077472A /* Kingfisher */ = {
			isa = XCSwiftPackageProductDependency;
			package = F94277FF25ADF8CF0077472A /* XCRemoteSwiftPackageReference "Kingfisher" */;
			productName = Kingfisher;
		};
		F942780425ADF8D70077472A /* Kingfisher */ = {
			isa = XCSwiftPackageProductDependency;
			package = F94277FF25ADF8CF0077472A /* XCRemoteSwiftPackageReference "Kingfisher" */;
			productName = Kingfisher;
		};
		F942780B25ADF9060077472A /* SlidingTabView */ = {
			isa = XCSwiftPackageProductDependency;
			package = F942780A25ADF9060077472A /* XCRemoteSwiftPackageReference "SlidingTabView" */;
			productName = SlidingTabView;
		};
/* End XCSwiftPackageProductDependency section */
	};
	rootObject = 7555FF73242A565900829871 /* Project object */;
}
